// !$*UTF8*$!
{
	archiveVersion = 1;
	classes = {
	};
	objectVersion = 46;
	objects = {

/* Begin PBXBuildFile section */
		2808C8C11E2A8D1700694C31 /* AppDelegate.swift in Sources */ = {isa = PBXBuildFile; fileRef = 2808C8C01E2A8D1700694C31 /* AppDelegate.swift */; };
		2808C8C61E2A8D1700694C31 /* Main.storyboard in Resources */ = {isa = PBXBuildFile; fileRef = 2808C8C41E2A8D1700694C31 /* Main.storyboard */; };
		2808C8C81E2A8D1700694C31 /* Assets.xcassets in Resources */ = {isa = PBXBuildFile; fileRef = 2808C8C71E2A8D1700694C31 /* Assets.xcassets */; };
		2808C8CB1E2A8D1700694C31 /* LaunchScreen.storyboard in Resources */ = {isa = PBXBuildFile; fileRef = 2808C8C91E2A8D1700694C31 /* LaunchScreen.storyboard */; };
		288BE7101E2AA66B00B50889 /* FirstViewController.swift in Sources */ = {isa = PBXBuildFile; fileRef = 288BE70F1E2AA66B00B50889 /* FirstViewController.swift */; };
		28FD82221E2AC43300B7E474 /* ScanViewController.swift in Sources */ = {isa = PBXBuildFile; fileRef = 28FD82211E2AC43300B7E474 /* ScanViewController.swift */; };
		28FD82241E2AD72400B7E474 /* RewardsViewController.swift in Sources */ = {isa = PBXBuildFile; fileRef = 28FD82231E2AD72400B7E474 /* RewardsViewController.swift */; };
		28FD822A1E2AE8E600B7E474 /* DrinkRewardTableViewCell.swift in Sources */ = {isa = PBXBuildFile; fileRef = 28FD82291E2AE8E600B7E474 /* DrinkRewardTableViewCell.swift */; };
		28FD822C1E2AE91800B7E474 /* DrinkRewardTableViewController.swift in Sources */ = {isa = PBXBuildFile; fileRef = 28FD822B1E2AE91800B7E474 /* DrinkRewardTableViewController.swift */; };
/* End PBXBuildFile section */

/* Begin PBXFileReference section */
		2808C8BD1E2A8D1700694C31 /* nodrunkdriving.app */ = {isa = PBXFileReference; explicitFileType = wrapper.application; includeInIndex = 0; path = nodrunkdriving.app; sourceTree = BUILT_PRODUCTS_DIR; };
		2808C8C01E2A8D1700694C31 /* AppDelegate.swift */ = {isa = PBXFileReference; lastKnownFileType = sourcecode.swift; path = AppDelegate.swift; sourceTree = "<group>"; };
		2808C8C51E2A8D1700694C31 /* Base */ = {isa = PBXFileReference; lastKnownFileType = file.storyboard; name = Base; path = Base.lproj/Main.storyboard; sourceTree = "<group>"; };
		2808C8C71E2A8D1700694C31 /* Assets.xcassets */ = {isa = PBXFileReference; lastKnownFileType = folder.assetcatalog; path = Assets.xcassets; sourceTree = "<group>"; };
		2808C8CA1E2A8D1700694C31 /* Base */ = {isa = PBXFileReference; lastKnownFileType = file.storyboard; name = Base; path = Base.lproj/LaunchScreen.storyboard; sourceTree = "<group>"; };
		2808C8CC1E2A8D1700694C31 /* Info.plist */ = {isa = PBXFileReference; lastKnownFileType = text.plist.xml; path = Info.plist; sourceTree = "<group>"; };
		288BE70F1E2AA66B00B50889 /* FirstViewController.swift */ = {isa = PBXFileReference; fileEncoding = 4; lastKnownFileType = sourcecode.swift; path = FirstViewController.swift; sourceTree = "<group>"; };
		28FD82211E2AC43300B7E474 /* ScanViewController.swift */ = {isa = PBXFileReference; fileEncoding = 4; lastKnownFileType = sourcecode.swift; path = ScanViewController.swift; sourceTree = "<group>"; };
		28FD82231E2AD72400B7E474 /* RewardsViewController.swift */ = {isa = PBXFileReference; fileEncoding = 4; lastKnownFileType = sourcecode.swift; path = RewardsViewController.swift; sourceTree = "<group>"; };
		28FD82291E2AE8E600B7E474 /* DrinkRewardTableViewCell.swift */ = {isa = PBXFileReference; fileEncoding = 4; lastKnownFileType = sourcecode.swift; path = DrinkRewardTableViewCell.swift; sourceTree = "<group>"; };
		28FD822B1E2AE91800B7E474 /* DrinkRewardTableViewController.swift */ = {isa = PBXFileReference; fileEncoding = 4; lastKnownFileType = sourcecode.swift; path = DrinkRewardTableViewController.swift; sourceTree = "<group>"; };
/* End PBXFileReference section */

/* Begin PBXFrameworksBuildPhase section */
		2808C8BA1E2A8D1700694C31 /* Frameworks */ = {
			isa = PBXFrameworksBuildPhase;
			buildActionMask = 2147483647;
			files = (
			);
			runOnlyForDeploymentPostprocessing = 0;
		};
/* End PBXFrameworksBuildPhase section */

/* Begin PBXGroup section */
		2808C8B41E2A8D1700694C31 = {
			isa = PBXGroup;
			children = (
				2808C8BF1E2A8D1700694C31 /* nodrunkdriving */,
				2808C8BE1E2A8D1700694C31 /* Products */,
			);
			sourceTree = "<group>";
		};
		2808C8BE1E2A8D1700694C31 /* Products */ = {
			isa = PBXGroup;
			children = (
				2808C8BD1E2A8D1700694C31 /* nodrunkdriving.app */,
			);
			name = Products;
			sourceTree = "<group>";
		};
		2808C8BF1E2A8D1700694C31 /* nodrunkdriving */ = {
			isa = PBXGroup;
			children = (
				2808C8C01E2A8D1700694C31 /* AppDelegate.swift */,
				2808C8C41E2A8D1700694C31 /* Main.storyboard */,
				288BE70F1E2AA66B00B50889 /* FirstViewController.swift */,
				28FD82211E2AC43300B7E474 /* ScanViewController.swift */,
				28FD82231E2AD72400B7E474 /* RewardsViewController.swift */,
				2808C8C71E2A8D1700694C31 /* Assets.xcassets */,
				2808C8C91E2A8D1700694C31 /* LaunchScreen.storyboard */,
				2808C8CC1E2A8D1700694C31 /* Info.plist */,
				28FD82291E2AE8E600B7E474 /* DrinkRewardTableViewCell.swift */,
				28FD822B1E2AE91800B7E474 /* DrinkRewardTableViewController.swift */,
			);
			path = nodrunkdriving;
			sourceTree = "<group>";
		};
/* End PBXGroup section */

/* Begin PBXNativeTarget section */
		2808C8BC1E2A8D1700694C31 /* nodrunkdriving */ = {
			isa = PBXNativeTarget;
			buildConfigurationList = 2808C8CF1E2A8D1700694C31 /* Build configuration list for PBXNativeTarget "nodrunkdriving" */;
			buildPhases = (
				2808C8B91E2A8D1700694C31 /* Sources */,
				2808C8BA1E2A8D1700694C31 /* Frameworks */,
				2808C8BB1E2A8D1700694C31 /* Resources */,
			);
			buildRules = (
			);
			dependencies = (
			);
			name = nodrunkdriving;
			productName = nodrunkdriving;
			productReference = 2808C8BD1E2A8D1700694C31 /* nodrunkdriving.app */;
			productType = "com.apple.product-type.application";
		};
/* End PBXNativeTarget section */

/* Begin PBXProject section */
		2808C8B51E2A8D1700694C31 /* Project object */ = {
			isa = PBXProject;
			attributes = {
				LastSwiftUpdateCheck = 0820;
				LastUpgradeCheck = 0820;
				ORGANIZATIONNAME = "Sarthak Khillon";
				TargetAttributes = {
					2808C8BC1E2A8D1700694C31 = {
						CreatedOnToolsVersion = 8.2.1;
						DevelopmentTeam = KAE97MM9RT;
						ProvisioningStyle = Automatic;
					};
				};
			};
			buildConfigurationList = 2808C8B81E2A8D1700694C31 /* Build configuration list for PBXProject "nodrunkdriving" */;
			compatibilityVersion = "Xcode 3.2";
			developmentRegion = English;
			hasScannedForEncodings = 0;
			knownRegions = (
				en,
				Base,
			);
			mainGroup = 2808C8B41E2A8D1700694C31;
			productRefGroup = 2808C8BE1E2A8D1700694C31 /* Products */;
			projectDirPath = "";
			projectRoot = "";
			targets = (
				2808C8BC1E2A8D1700694C31 /* nodrunkdriving */,
			);
		};
/* End PBXProject section */

/* Begin PBXResourcesBuildPhase section */
		2808C8BB1E2A8D1700694C31 /* Resources */ = {
			isa = PBXResourcesBuildPhase;
			buildActionMask = 2147483647;
			files = (
				2808C8CB1E2A8D1700694C31 /* LaunchScreen.storyboard in Resources */,
				2808C8C81E2A8D1700694C31 /* Assets.xcassets in Resources */,
				2808C8C61E2A8D1700694C31 /* Main.storyboard in Resources */,
			);
			runOnlyForDeploymentPostprocessing = 0;
		};
/* End PBXResourcesBuildPhase section */

/* Begin PBXSourcesBuildPhase section */
		2808C8B91E2A8D1700694C31 /* Sources */ = {
			isa = PBXSourcesBuildPhase;
			buildActionMask = 2147483647;
			files = (
				28FD82241E2AD72400B7E474 /* RewardsViewController.swift in Sources */,
				28FD822C1E2AE91800B7E474 /* DrinkRewardTableViewController.swift in Sources */,
				288BE7101E2AA66B00B50889 /* FirstViewController.swift in Sources */,
				28FD822A1E2AE8E600B7E474 /* DrinkRewardTableViewCell.swift in Sources */,
				2808C8C11E2A8D1700694C31 /* AppDelegate.swift in Sources */,
				28FD82221E2AC43300B7E474 /* ScanViewController.swift in Sources */,
			);
			runOnlyForDeploymentPostprocessing = 0;
		};
/* End PBXSourcesBuildPhase section */

/* Begin PBXVariantGroup section */
		2808C8C41E2A8D1700694C31 /* Main.storyboard */ = {
			isa = PBXVariantGroup;
			children = (
				2808C8C51E2A8D1700694C31 /* Base */,
			);
			name = Main.storyboard;
			sourceTree = "<group>";
		};
		2808C8C91E2A8D1700694C31 /* LaunchScreen.storyboard */ = {
			isa = PBXVariantGroup;
			children = (
				2808C8CA1E2A8D1700694C31 /* Base */,
			);
			name = LaunchScreen.storyboard;
			sourceTree = "<group>";
		};
/* End PBXVariantGroup section */

/* Begin XCBuildConfiguration section */
		2808C8CD1E2A8D1700694C31 /* Debug */ = {
			isa = XCBuildConfiguration;
			buildSettings = {
				ALWAYS_SEARCH_USER_PATHS = NO;
				CLANG_ANALYZER_NONNULL = YES;
				CLANG_CXX_LANGUAGE_STANDARD = "gnu++0x";
				CLANG_CXX_LIBRARY = "libc++";
				CLANG_ENABLE_MODULES = YES;
				CLANG_ENABLE_OBJC_ARC = YES;
				CLANG_WARN_BOOL_CONVERSION = YES;
				CLANG_WARN_CONSTANT_CONVERSION = YES;
				CLANG_WARN_DIRECT_OBJC_ISA_USAGE = YES_ERROR;
				CLANG_WARN_DOCUMENTATION_COMMENTS = YES;
				CLANG_WARN_EMPTY_BODY = YES;
				CLANG_WARN_ENUM_CONVERSION = YES;
				CLANG_WARN_INFINITE_RECURSION = YES;
				CLANG_WARN_INT_CONVERSION = YES;
				CLANG_WARN_OBJC_ROOT_CLASS = YES_ERROR;
				CLANG_WARN_SUSPICIOUS_MOVE = YES;
				CLANG_WARN_UNREACHABLE_CODE = YES;
				CLANG_WARN__DUPLICATE_METHOD_MATCH = YES;
				"CODE_SIGN_IDENTITY[sdk=iphoneos*]" = "iPhone Developer";
				COPY_PHASE_STRIP = NO;
				DEBUG_INFORMATION_FORMAT = dwarf;
				ENABLE_STRICT_OBJC_MSGSEND = YES;
				ENABLE_TESTABILITY = YES;
				GCC_C_LANGUAGE_STANDARD = gnu99;
				GCC_DYNAMIC_NO_PIC = NO;
				GCC_NO_COMMON_BLOCKS = YES;
				GCC_OPTIMIZATION_LEVEL = 0;
				GCC_PREPROCESSOR_DEFINITIONS = (
					"DEBUG=1",
					"$(inherited)",
				);
				GCC_WARN_64_TO_32_BIT_CONVERSION = YES;
				GCC_WARN_ABOUT_RETURN_TYPE = YES_ERROR;
				GCC_WARN_UNDECLARED_SELECTOR = YES;
				GCC_WARN_UNINITIALIZED_AUTOS = YES_AGGRESSIVE;
				GCC_WARN_UNUSED_FUNCTION = YES;
				GCC_WARN_UNUSED_VARIABLE = YES;
				IPHONEOS_DEPLOYMENT_TARGET = 10.2;
				MTL_ENABLE_DEBUG_INFO = YES;
				ONLY_ACTIVE_ARCH = YES;
				SDKROOT = iphoneos;
				SWIFT_ACTIVE_COMPILATION_CONDITIONS = DEBUG;
				SWIFT_OPTIMIZATION_LEVEL = "-Onone";
				TARGETED_DEVICE_FAMILY = "1,2";
			};
			name = Debug;
		};
		2808C8CE1E2A8D1700694C31 /* Release */ = {
			isa = XCBuildConfiguration;
			buildSettings = {
				ALWAYS_SEARCH_USER_PATHS = NO;
				CLANG_ANALYZER_NONNULL = YES;
				CLANG_CXX_LANGUAGE_STANDARD = "gnu++0x";
				CLANG_CXX_LIBRARY = "libc++";
				CLANG_ENABLE_MODULES = YES;
				CLANG_ENABLE_OBJC_ARC = YES;
				CLANG_WARN_BOOL_CONVERSION = YES;
				CLANG_WARN_CONSTANT_CONVERSION = YES;
				CLANG_WARN_DIRECT_OBJC_ISA_USAGE = YES_ERROR;
				CLANG_WARN_DOCUMENTATION_COMMENTS = YES;
				CLANG_WARN_EMPTY_BODY = YES;
				CLANG_WARN_ENUM_CONVERSION = YES;
				CLANG_WARN_INFINITE_RECURSION = YES;
				CLANG_WARN_INT_CONVERSION = YES;
				CLANG_WARN_OBJC_ROOT_CLASS = YES_ERROR;
				CLANG_WARN_SUSPICIOUS_MOVE = YES;
				CLANG_WARN_UNREACHABLE_CODE = YES;
				CLANG_WARN__DUPLICATE_METHOD_MATCH = YES;
				"CODE_SIGN_IDENTITY[sdk=iphoneos*]" = "iPhone Developer";
				COPY_PHASE_STRIP = NO;
				DEBUG_INFORMATION_FORMAT = "dwarf-with-dsym";
				ENABLE_NS_ASSERTIONS = NO;
				ENABLE_STRICT_OBJC_MSGSEND = YES;
				GCC_C_LANGUAGE_STANDARD = gnu99;
				GCC_NO_COMMON_BLOCKS = YES;
				GCC_WARN_64_TO_32_BIT_CONVERSION = YES;
				GCC_WARN_ABOUT_RETURN_TYPE = YES_ERROR;
				GCC_WARN_UNDECLARED_SELECTOR = YES;
				GCC_WARN_UNINITIALIZED_AUTOS = YES_AGGRESSIVE;
				GCC_WARN_UNUSED_FUNCTION = YES;
				GCC_WARN_UNUSED_VARIABLE = YES;
				IPHONEOS_DEPLOYMENT_TARGET = 10.2;
				MTL_ENABLE_DEBUG_INFO = NO;
				SDKROOT = iphoneos;
				SWIFT_OPTIMIZATION_LEVEL = "-Owholemodule";
				TARGETED_DEVICE_FAMILY = "1,2";
				VALIDATE_PRODUCT = YES;
			};
			name = Release;
		};
		2808C8D01E2A8D1700694C31 /* Debug */ = {
			isa = XCBuildConfiguration;
			buildSettings = {
				ASSETCATALOG_COMPILER_APPICON_NAME = AppIcon;
				DEVELOPMENT_TEAM = KAE97MM9RT;
				INFOPLIST_FILE = nodrunkdriving/Info.plist;
				LD_RUNPATH_SEARCH_PATHS = "$(inherited) @executable_path/Frameworks";
				PRODUCT_BUNDLE_IDENTIFIER = com.sarthakkhillon.nodrunkdriving;
				PRODUCT_NAME = "$(TARGET_NAME)";
				SWIFT_VERSION = 3.0;
			};
			name = Debug;
		};
		2808C8D11E2A8D1700694C31 /* Release */ = {
			isa = XCBuildConfiguration;
			buildSettings = {
				ASSETCATALOG_COMPILER_APPICON_NAME = AppIcon;
				DEVELOPMENT_TEAM = KAE97MM9RT;
				INFOPLIST_FILE = nodrunkdriving/Info.plist;
				LD_RUNPATH_SEARCH_PATHS = "$(inherited) @executable_path/Frameworks";
				PRODUCT_BUNDLE_IDENTIFIER = com.sarthakkhillon.nodrunkdriving;
				PRODUCT_NAME = "$(TARGET_NAME)";
				SWIFT_VERSION = 3.0;
			};
			name = Release;
		};
/* End XCBuildConfiguration section */

/* Begin XCConfigurationList section */
		2808C8B81E2A8D1700694C31 /* Build configuration list for PBXProject "nodrunkdriving" */ = {
			isa = XCConfigurationList;
			buildConfigurations = (
				2808C8CD1E2A8D1700694C31 /* Debug */,
				2808C8CE1E2A8D1700694C31 /* Release */,
			);
			defaultConfigurationIsVisible = 0;
			defaultConfigurationName = Release;
		};
		2808C8CF1E2A8D1700694C31 /* Build configuration list for PBXNativeTarget "nodrunkdriving" */ = {
			isa = XCConfigurationList;
			buildConfigurations = (
				2808C8D01E2A8D1700694C31 /* Debug */,
				2808C8D11E2A8D1700694C31 /* Release */,
			);
			defaultConfigurationIsVisible = 0;
			defaultConfigurationName = Release;
		};
/* End XCConfigurationList section */
	};
	rootObject = 2808C8B51E2A8D1700694C31 /* Project object */;
}
